{
  "originHash" : "10b5fb18cdaa7b75f7ee07d4b4f5e14d864b1273b4bd91d418068ed8d22f169d",
  "pins" : [
    {
      "identity" : "scout",
      "kind" : "remoteSourceControl",
      "location" : "https://github.com/kasianov-mikhail/scout",
      "state" : {
        "revision" : "b1849acc157551e9b68cc16263639495b8965b1f",
        "version" : "2.0.3"
      }
    },
    {
      "identity" : "swift-log",
      "kind" : "remoteSourceControl",
      "location" : "https://github.com/apple/swift-log",
      "state" : {
        "revision" : "bbd81b6725ae874c69e9b8c8804d462356b55523",
        "version" : "1.10.1"
      }
    },
    {
      "identity" : "swift-metrics",
      "kind" : "remoteSourceControl",
      "location" : "https://github.com/apple/swift-metrics",
      "state" : {
        "revision" : "f17c111cec972c2a4922cef38cf64f76f7e87886",
        "version" : "2.8.0"
      }
    },
    {
      "identity" : "viewinspector",
      "kind" : "remoteSourceControl",
      "location" : "https://github.com/nalexn/ViewInspector",
      "state" : {
        "revision" : "e9a06346499a3a889165647e3f23f8a7b2609a1c",
        "version" : "0.10.3"
      }
    }
  ],
  "version" : 3
}
